
Microsoft Visual Studio Solution File, Format Version 12.00
# Visual Studio Version 17
VisualStudioVersion = 17.6.33723.286
MinimumVisualStudioVersion = 10.0.40219.1
Project("{FAE04EC0-301F-11D3-BF4B-00C04F79EFBC}") = "Beginners 05 Windows Forms and Event Handlers", "Beginners 05 Windows Forms and Event Handlers\Beginners 05 Windows Forms and Event Handlers.csproj", "{0D7DAD87-F20F-4D9F-9164-23125C7C2664}"
EndProject
Global
	GlobalSection(SolutionConfigurationPlatforms) = preSolution
		Debug|Any CPU = Debug|Any CPU
		Release|Any CPU = Release|Any CPU
	EndGlobalSection
	GlobalSection(ProjectConfigurationPlatforms) = postSolution
		{0D7DAD87-F20F-4D9F-9164-23125C7C2664}.Debug|Any CPU.ActiveCfg = Debug|Any CPU
		{0D7DAD87-F20F-4D9F-9164-23125C7C2664}.Debug|Any CPU.Build.0 = Debug|Any CPU
		{0D7DAD87-F20F-4D9F-9164-23125C7C2664}.Release|Any CPU.ActiveCfg = Release|Any CPU
		{0D7DAD87-F20F-4D9F-9164-23125C7C2664}.Release|Any CPU.Build.0 = Release|Any CPU
	EndGlobalSection
	GlobalSection(SolutionProperties) = preSolution
		HideSolutionNode = FALSE
	EndGlobalSection
	GlobalSection(ExtensibilityGlobals) = postSolution
		SolutionGuid = {9E7E66D2-70F9-4485-B29C-20B1832B5010}
	EndGlobalSection
EndGlobal
